
Microsoft Visual Studio Solution File, Format Version 12.00
# Visual Studio Version 16
VisualStudioVersion = 16.0.30204.135
MinimumVisualStudioVersion = 10.0.40219.1
Project("{8BC9CEB8-8B4A-11D0-8D11-00A0C91BC942}") = "Crianosfera-5-External", "Crianosfera-5-External\Crianosfera-5-External.vcxproj", "{7A87216C-1154-4B52-BCBC-8427F2D5D169}"
EndProject
Project("{8BC9CEB8-8B4A-11D0-8D11-00A0C91BC942}") = "OffsetsDumper", "OffsetsDumper\OffsetsDumper.vcxproj", "{FF983304-191F-453E-A8AF-5726940F1B2F}"
EndProject
Global
	GlobalSection(SolutionConfigurationPlatforms) = preSolution
		Debug|x64 = Debug|x64
		Debug|x86 = Debug|x86
		Release|x64 = Release|x64
		Release|x86 = Release|x86
	EndGlobalSection
	GlobalSection(ProjectConfigurationPlatforms) = postSolution
		{7A87216C-1154-4B52-BCBC-8427F2D5D169}.Debug|x64.ActiveCfg = Debug|x64
		{7A87216C-1154-4B52-BCBC-8427F2D5D169}.Debug|x64.Build.0 = Debug|x64
		{7A87216C-1154-4B52-BCBC-8427F2D5D169}.Debug|x86.ActiveCfg = Debug|Win32
		{7A87216C-1154-4B52-BCBC-8427F2D5D169}.Debug|x86.Build.0 = Debug|Win32
		{7A87216C-1154-4B52-BCBC-8427F2D5D169}.Release|x64.ActiveCfg = Release|x64
		{7A87216C-1154-4B52-BCBC-8427F2D5D169}.Release|x64.Build.0 = Release|x64
		{7A87216C-1154-4B52-BCBC-8427F2D5D169}.Release|x86.ActiveCfg = Release|Win32
		{7A87216C-1154-4B52-BCBC-8427F2D5D169}.Release|x86.Build.0 = Release|Win32
		{FF983304-191F-453E-A8AF-5726940F1B2F}.Debug|x64.ActiveCfg = Debug|x64
		{FF983304-191F-453E-A8AF-5726940F1B2F}.Debug|x64.Build.0 = Debug|x64
		{FF983304-191F-453E-A8AF-5726940F1B2F}.Debug|x86.ActiveCfg = Debug|Win32
		{FF983304-191F-453E-A8AF-5726940F1B2F}.Debug|x86.Build.0 = Debug|Win32
		{FF983304-191F-453E-A8AF-5726940F1B2F}.Release|x64.ActiveCfg = Release|x64
		{FF983304-191F-453E-A8AF-5726940F1B2F}.Release|x64.Build.0 = Release|x64
		{FF983304-191F-453E-A8AF-5726940F1B2F}.Release|x86.ActiveCfg = Release|Win32
		{FF983304-191F-453E-A8AF-5726940F1B2F}.Release|x86.Build.0 = Release|Win32
	EndGlobalSection
	GlobalSection(SolutionProperties) = preSolution
		HideSolutionNode = FALSE
	EndGlobalSection
	GlobalSection(ExtensibilityGlobals) = postSolution
		SolutionGuid = {41878172-BF66-4765-B452-B64D7AD47135}
	EndGlobalSection
EndGlobal
